
Microsoft Visual Studio Solution File, Format Version 12.00
# Visual Studio Version 16
VisualStudioVersion = 16.0.30804.86
MinimumVisualStudioVersion = 10.0.40219.1
Project("{FAE04EC0-301F-11D3-BF4B-00C04F79EFBC}") = "ServerProject", "ServerProject\ServerProject.csproj", "{668302F7-5E8D-4B68-AB14-AD0583556A57}"
EndProject
Global
	GlobalSection(SolutionConfigurationPlatforms) = preSolution
		Debug|Any CPU = Debug|Any CPU
		Release|Any CPU = Release|Any CPU
	EndGlobalSection
	GlobalSection(ProjectConfigurationPlatforms) = postSolution
		{668302F7-5E8D-4B68-AB14-AD0583556A57}.Debug|Any CPU.ActiveCfg = Debug|Any CPU
		{668302F7-5E8D-4B68-AB14-AD0583556A57}.Debug|Any CPU.Build.0 = Debug|Any CPU
		{668302F7-5E8D-4B68-AB14-AD0583556A57}.Release|Any CPU.ActiveCfg = Release|Any CPU
		{668302F7-5E8D-4B68-AB14-AD0583556A57}.Release|Any CPU.Build.0 = Release|Any CPU
	EndGlobalSection
	GlobalSection(SolutionProperties) = preSolution
		HideSolutionNode = FALSE
	EndGlobalSection
	GlobalSection(ExtensibilityGlobals) = postSolution
		SolutionGuid = {EA591917-BA0C-441C-8641-77E3BCE30544}
	EndGlobalSection
EndGlobal
